<?xml version="1.0" encoding="utf-8"?>
<Project ToolsVersion="4.0" xmlns="http://schemas.microsoft.com/developer/msbuild/2003">
  <ItemGroup>
    <Filter Include="源文件">
      <UniqueIdentifier>{4FC737F1-C7A5-4376-A066-2A32D752A2FF}</UniqueIdentifier>
      <Extensions>cpp;c;cc;cxx;def;odl;idl;hpj;bat;asm;asmx</Extensions>
    </Filter>
    <Filter Include="头文件">
      <UniqueIdentifier>{93995380-89BD-4b04-88EB-625FBE52EBFB}</UniqueIdentifier>
      <Extensions>h;hh;hpp;hxx;hm;inl;inc;ipp;xsd</Extensions>
    </Filter>
    <Filter Include="资源文件">
      <UniqueIdentifier>{67DA6AB6-F800-4c08-8B7A-83BB121AAD01}</UniqueIdentifier>
      <Extensions>rc;ico;cur;bmp;dlg;rc2;rct;bin;rgs;gif;jpg;jpeg;jpe;resx;tiff;tif;png;wav;mfcribbon-ms</Extensions>
    </Filter>
  </ItemGroup>
  <ItemGroup>
    <ClCompile Include="斐波那契.cpp">
      <Filter>源文件</Filter>
    </ClCompile>
    <ClCompile Include="替换字符串的空格.cpp">
      <Filter>源文件</Filter>
    </ClCompile>
    <ClCompile Include="递归的斐波那契.cpp">
      <Filter>源文件</Filter>
    </ClCompile>
    <ClCompile Include="非递归的斐波那契.cpp">
      <Filter>源文件</Filter>
    </ClCompile>
    <ClCompile Include="统计字符.cpp">
      <Filter>源文件</Filter>
    </ClCompile>
    <ClCompile Include="源.cpp">
      <Filter>源文件</Filter>
    </ClCompile>
    <ClCompile Include="回文子串.cpp">
      <Filter>源文件</Filter>
    </ClCompile>
    <ClCompile Include="源1.cpp">
      <Filter>源文件</Filter>
    </ClCompile>
    <ClCompile Include="爱吃猫粮的校招喵.cpp">
      <Filter>源文件</Filter>
    </ClCompile>
    <ClCompile Include="istringstream.cpp">
      <Filter>源文件</Filter>
    </ClCompile>
    <ClCompile Include="istringstream_.cpp">
      <Filter>源文件</Filter>
    </ClCompile>
    <ClCompile Include="ostringstream.cpp">
      <Filter>源文件</Filter>
    </ClCompile>
    <ClCompile Include="统计字符类型.cpp">
      <Filter>源文件</Filter>
    </ClCompile>
    <ClCompile Include="RLE压缩.cpp">
      <Filter>源文件</Filter>
    </ClCompile>
    <ClCompile Include="解析加减法运算.cpp">
      <Filter>源文件</Filter>
    </ClCompile>
    <ClCompile Include="strtok.cpp">
      <Filter>源文件</Filter>
    </ClCompile>
    <ClCompile Include="strstr.cpp">
      <Filter>源文件</Filter>
    </ClCompile>
    <ClCompile Include="isdigit.cpp">
      <Filter>源文件</Filter>
    </ClCompile>
    <ClCompile Include="加减法2.cpp">
      <Filter>源文件</Filter>
    </ClCompile>
    <ClCompile Include="atoi_and_stoi.cpp">
      <Filter>源文件</Filter>
    </ClCompile>
    <ClCompile Include="substr.cpp">
      <Filter>源文件</Filter>
    </ClCompile>
    <ClCompile Include="双重逆序字符串.cpp">
      <Filter>源文件</Filter>
    </ClCompile>
    <ClCompile Include="组成硬币.cpp">
      <Filter>源文件</Filter>
    </ClCompile>
    <ClCompile Include="最小数字 .cpp">
      <Filter>源文件</Filter>
    </ClCompile>
    <ClCompile Include="组队竞赛.cpp">
      <Filter>源文件</Filter>
    </ClCompile>
    <ClCompile Include="sort.cpp">
      <Filter>源文件</Filter>
    </ClCompile>
    <ClCompile Include="删除字符串中的字符.cpp">
      <Filter>源文件</Filter>
    </ClCompile>
    <ClCompile Include="const_ptr.cpp">
      <Filter>源文件</Filter>
    </ClCompile>
    <ClCompile Include="test_scanf.cpp">
      <Filter>源文件</Filter>
    </ClCompile>
    <ClCompile Include="c.printf.cpp">
      <Filter>源文件</Filter>
    </ClCompile>
    <ClCompile Include="在字符串中以单词反转.cpp">
      <Filter>源文件</Filter>
    </ClCompile>
    <ClCompile Include="妞妞找子数组.cpp">
      <Filter>源文件</Filter>
    </ClCompile>
    <ClCompile Include="test_char.cpp">
      <Filter>源文件</Filter>
    </ClCompile>
    <ClCompile Include="test.cpp">
      <Filter>源文件</Filter>
    </ClCompile>
    <ClCompile Include="连续最长子数字串.cpp">
      <Filter>源文件</Filter>
    </ClCompile>
    <ClCompile Include="出现次数超过一半的数字.cpp">
      <Filter>源文件</Filter>
    </ClCompile>
    <ClCompile Include="三人分糖果.cpp">
      <Filter>源文件</Filter>
    </ClCompile>
    <ClCompile Include="任意数值转化.cpp">
      <Filter>源文件</Filter>
    </ClCompile>
    <ClCompile Include="long.cpp">
      <Filter>源文件</Filter>
    </ClCompile>
    <ClCompile Include="递归.cpp">
      <Filter>源文件</Filter>
    </ClCompile>
    <ClCompile Include="源2.cpp">
      <Filter>源文件</Filter>
    </ClCompile>
    <ClCompile Include="浅拷贝引发的重复释放.cpp">
      <Filter>源文件</Filter>
    </ClCompile>
    <ClCompile Include="bit_map找字符.cpp">
      <Filter>源文件</Filter>
    </ClCompile>
    <ClCompile Include="二分查找logn.cpp">
      <Filter>源文件</Filter>
    </ClCompile>
    <ClCompile Include="字符串转数字.cpp">
      <Filter>源文件</Filter>
    </ClCompile>
    <ClCompile Include="删去字符串中重复的字符.cpp">
      <Filter>源文件</Filter>
    </ClCompile>
    <ClCompile Include="二货小易方蛋糕.cpp">
      <Filter>源文件</Filter>
    </ClCompile>
    <ClCompile Include="合法的括号串.cpp">
      <Filter>源文件</Filter>
    </ClCompile>
    <ClCompile Include="最小公倍数.cpp">
      <Filter>源文件</Filter>
    </ClCompile>
    <ClCompile Include="排序字符串.cpp">
      <Filter>源文件</Filter>
    </ClCompile>
    <ClCompile Include="strcmp.cpp">
      <Filter>源文件</Filter>
    </ClCompile>
    <ClCompile Include="测试变量长度和数值范围.cpp">
      <Filter>源文件</Filter>
    </ClCompile>
    <ClCompile Include="二分查找.cpp">
      <Filter>源文件</Filter>
    </ClCompile>
    <ClCompile Include="不使用+计算A+B.cpp">
      <Filter>源文件</Filter>
    </ClCompile>
    <ClCompile Include="走方格.cpp">
      <Filter>源文件</Filter>
    </ClCompile>
  </ItemGroup>
</Project>